
Microsoft Visual Studio Solution File, Format Version 12.00
# Visual Studio Version 17
VisualStudioVersion = 17.10.34916.146
MinimumVisualStudioVersion = 10.0.40219.1
Project("{9A19103F-16F7-4668-BE54-9A1E7A4F7556}") = "StrategyPattern", "StrategyPattern\StrategyPattern.csproj", "{6D5C1A5F-C43E-4F9A-A36A-DCE81D62E6BA}"
EndProject
Project("{9A19103F-16F7-4668-BE54-9A1E7A4F7556}") = "SingletonDesingPattern", "SingletonDesingPattern\SingletonDesingPattern.csproj", "{D7A4A1A0-6664-4171-AB2C-90673BC60A80}"
EndProject
Project("{2150E333-8FDC-42A3-9474-1A3956D46DE8}") = "CommandDesingPattern", "CommandDesingPattern", "{B2E694B1-D1BA-4C29-B771-ABF59C90BF34}"
EndProject
Project("{FAE04EC0-301F-11D3-BF4B-00C04F79EFBC}") = "ShoppingCart.Windows", "D:\Personal\Desing Pattern Courses\c-sharp-command-pattern\02\demos\ShoppingCart.Windows\ShoppingCart.Windows.csproj", "{F2B3BD3E-28CD-417E-B459-195FE4700AD1}"
EndProject
Project("{9A19103F-16F7-4668-BE54-9A1E7A4F7556}") = "ShoppingCart", "ShoppingCart\ShoppingCart.csproj", "{B6056236-54D5-49F1-BD41-9403E5C0BB16}"
EndProject
Project("{9A19103F-16F7-4668-BE54-9A1E7A4F7556}") = "ShoppingCart.Business", "ShoppingCart.Business\ShoppingCart.Business.csproj", "{B5DB2ED3-8361-42FE-8264-71A90D35DDE0}"
EndProject
Project("{9A19103F-16F7-4668-BE54-9A1E7A4F7556}") = "CommandDesingPatternExample2", "CommandDesingPatternExample2\CommandDesingPatternExample2.csproj", "{375E6CB5-0B8F-4997-89AA-A3ED3993CCB6}"
EndProject
Project("{9A19103F-16F7-4668-BE54-9A1E7A4F7556}") = "BridgePattern", "BridgePattern\BridgePattern.csproj", "{265BB1F3-BA48-4C27-985A-FC69F324FE62}"
EndProject
Project("{9A19103F-16F7-4668-BE54-9A1E7A4F7556}") = "NullObjectPattern", "NullObjectPattern\NullObjectPattern.csproj", "{6813E8E9-5EA0-4FFD-AAEA-9D99B9B67936}"
EndProject
Project("{FAE04EC0-301F-11D3-BF4B-00C04F79EFBC}") = "FacadeDesignPattern", "FacadeDesingPattern\FacadeDesignPattern.csproj", "{919F7A10-6D06-4C8A-9B3A-9A35BBD44CD8}"
EndProject
Project("{FAE04EC0-301F-11D3-BF4B-00C04F79EFBC}") = "DecoratorDesignPattern", "DecoratorDesignPattern\DecoratorDesignPattern.csproj", "{783B5EEC-6E1D-4A87-968E-B34E4578E05C}"
EndProject
Global
	GlobalSection(SolutionConfigurationPlatforms) = preSolution
		Debug|Any CPU = Debug|Any CPU
		Release|Any CPU = Release|Any CPU
	EndGlobalSection
	GlobalSection(ProjectConfigurationPlatforms) = postSolution
		{6D5C1A5F-C43E-4F9A-A36A-DCE81D62E6BA}.Debug|Any CPU.ActiveCfg = Debug|Any CPU
		{6D5C1A5F-C43E-4F9A-A36A-DCE81D62E6BA}.Debug|Any CPU.Build.0 = Debug|Any CPU
		{6D5C1A5F-C43E-4F9A-A36A-DCE81D62E6BA}.Release|Any CPU.ActiveCfg = Release|Any CPU
		{6D5C1A5F-C43E-4F9A-A36A-DCE81D62E6BA}.Release|Any CPU.Build.0 = Release|Any CPU
		{D7A4A1A0-6664-4171-AB2C-90673BC60A80}.Debug|Any CPU.ActiveCfg = Debug|Any CPU
		{D7A4A1A0-6664-4171-AB2C-90673BC60A80}.Debug|Any CPU.Build.0 = Debug|Any CPU
		{D7A4A1A0-6664-4171-AB2C-90673BC60A80}.Release|Any CPU.ActiveCfg = Release|Any CPU
		{D7A4A1A0-6664-4171-AB2C-90673BC60A80}.Release|Any CPU.Build.0 = Release|Any CPU
		{F2B3BD3E-28CD-417E-B459-195FE4700AD1}.Debug|Any CPU.ActiveCfg = Debug|Any CPU
		{F2B3BD3E-28CD-417E-B459-195FE4700AD1}.Debug|Any CPU.Build.0 = Debug|Any CPU
		{F2B3BD3E-28CD-417E-B459-195FE4700AD1}.Release|Any CPU.ActiveCfg = Release|Any CPU
		{F2B3BD3E-28CD-417E-B459-195FE4700AD1}.Release|Any CPU.Build.0 = Release|Any CPU
		{B6056236-54D5-49F1-BD41-9403E5C0BB16}.Debug|Any CPU.ActiveCfg = Debug|Any CPU
		{B6056236-54D5-49F1-BD41-9403E5C0BB16}.Debug|Any CPU.Build.0 = Debug|Any CPU
		{B6056236-54D5-49F1-BD41-9403E5C0BB16}.Release|Any CPU.ActiveCfg = Release|Any CPU
		{B6056236-54D5-49F1-BD41-9403E5C0BB16}.Release|Any CPU.Build.0 = Release|Any CPU
		{B5DB2ED3-8361-42FE-8264-71A90D35DDE0}.Debug|Any CPU.ActiveCfg = Debug|Any CPU
		{B5DB2ED3-8361-42FE-8264-71A90D35DDE0}.Debug|Any CPU.Build.0 = Debug|Any CPU
		{B5DB2ED3-8361-42FE-8264-71A90D35DDE0}.Release|Any CPU.ActiveCfg = Release|Any CPU
		{B5DB2ED3-8361-42FE-8264-71A90D35DDE0}.Release|Any CPU.Build.0 = Release|Any CPU
		{375E6CB5-0B8F-4997-89AA-A3ED3993CCB6}.Debug|Any CPU.ActiveCfg = Debug|Any CPU
		{375E6CB5-0B8F-4997-89AA-A3ED3993CCB6}.Debug|Any CPU.Build.0 = Debug|Any CPU
		{375E6CB5-0B8F-4997-89AA-A3ED3993CCB6}.Release|Any CPU.ActiveCfg = Release|Any CPU
		{375E6CB5-0B8F-4997-89AA-A3ED3993CCB6}.Release|Any CPU.Build.0 = Release|Any CPU
		{265BB1F3-BA48-4C27-985A-FC69F324FE62}.Debug|Any CPU.ActiveCfg = Debug|Any CPU
		{265BB1F3-BA48-4C27-985A-FC69F324FE62}.Debug|Any CPU.Build.0 = Debug|Any CPU
		{265BB1F3-BA48-4C27-985A-FC69F324FE62}.Release|Any CPU.ActiveCfg = Release|Any CPU
		{265BB1F3-BA48-4C27-985A-FC69F324FE62}.Release|Any CPU.Build.0 = Release|Any CPU
		{6813E8E9-5EA0-4FFD-AAEA-9D99B9B67936}.Debug|Any CPU.ActiveCfg = Debug|Any CPU
		{6813E8E9-5EA0-4FFD-AAEA-9D99B9B67936}.Debug|Any CPU.Build.0 = Debug|Any CPU
		{6813E8E9-5EA0-4FFD-AAEA-9D99B9B67936}.Release|Any CPU.ActiveCfg = Release|Any CPU
		{6813E8E9-5EA0-4FFD-AAEA-9D99B9B67936}.Release|Any CPU.Build.0 = Release|Any CPU
		{919F7A10-6D06-4C8A-9B3A-9A35BBD44CD8}.Debug|Any CPU.ActiveCfg = Debug|Any CPU
		{919F7A10-6D06-4C8A-9B3A-9A35BBD44CD8}.Debug|Any CPU.Build.0 = Debug|Any CPU
		{919F7A10-6D06-4C8A-9B3A-9A35BBD44CD8}.Release|Any CPU.ActiveCfg = Release|Any CPU
		{919F7A10-6D06-4C8A-9B3A-9A35BBD44CD8}.Release|Any CPU.Build.0 = Release|Any CPU
		{783B5EEC-6E1D-4A87-968E-B34E4578E05C}.Debug|Any CPU.ActiveCfg = Debug|Any CPU
		{783B5EEC-6E1D-4A87-968E-B34E4578E05C}.Debug|Any CPU.Build.0 = Debug|Any CPU
		{783B5EEC-6E1D-4A87-968E-B34E4578E05C}.Release|Any CPU.ActiveCfg = Release|Any CPU
		{783B5EEC-6E1D-4A87-968E-B34E4578E05C}.Release|Any CPU.Build.0 = Release|Any CPU
	EndGlobalSection
	GlobalSection(SolutionProperties) = preSolution
		HideSolutionNode = FALSE
	EndGlobalSection
	GlobalSection(NestedProjects) = preSolution
		{F2B3BD3E-28CD-417E-B459-195FE4700AD1} = {B2E694B1-D1BA-4C29-B771-ABF59C90BF34}
		{B6056236-54D5-49F1-BD41-9403E5C0BB16} = {B2E694B1-D1BA-4C29-B771-ABF59C90BF34}
		{B5DB2ED3-8361-42FE-8264-71A90D35DDE0} = {B2E694B1-D1BA-4C29-B771-ABF59C90BF34}
		{375E6CB5-0B8F-4997-89AA-A3ED3993CCB6} = {B2E694B1-D1BA-4C29-B771-ABF59C90BF34}
	EndGlobalSection
	GlobalSection(ExtensibilityGlobals) = postSolution
		SolutionGuid = {CBCCBC5C-0BF7-4BBF-9160-8A1A18D502DD}
	EndGlobalSection
EndGlobal
